
Microsoft Visual Studio Solution File, Format Version 12.00
# Visual Studio Version 17
VisualStudioVersion = 17.3.32929.385
MinimumVisualStudioVersion = 10.0.40219.1
Project("{FAE04EC0-301F-11D3-BF4B-00C04F79EFBC}") = "SharkbotDiscord", "SharkbotDiscord\SharkbotDiscord.csproj", "{50B31B96-7C80-4EFE-9888-147717BA9F30}"
EndProject
Global
	GlobalSection(SolutionConfigurationPlatforms) = preSolution
		Debug|Any CPU = Debug|Any CPU
		Release|Any CPU = Release|Any CPU
	EndGlobalSection
	GlobalSection(ProjectConfigurationPlatforms) = postSolution
		{50B31B96-7C80-4EFE-9888-147717BA9F30}.Debug|Any CPU.ActiveCfg = Debug|Any CPU
		{50B31B96-7C80-4EFE-9888-147717BA9F30}.Debug|Any CPU.Build.0 = Debug|Any CPU
		{50B31B96-7C80-4EFE-9888-147717BA9F30}.Release|Any CPU.ActiveCfg = Release|Any CPU
		{50B31B96-7C80-4EFE-9888-147717BA9F30}.Release|Any CPU.Build.0 = Release|Any CPU
	EndGlobalSection
	GlobalSection(SolutionProperties) = preSolution
		HideSolutionNode = FALSE
	EndGlobalSection
	GlobalSection(ExtensibilityGlobals) = postSolution
		SolutionGuid = {7353AB88-6A0F-48F0-B54D-6DBFAB9A2F85}
	EndGlobalSection
EndGlobal
